
Microsoft Visual Studio Solution File, Format Version 12.00
# Visual Studio Version 16
VisualStudioVersion = 16.0.32106.194
MinimumVisualStudioVersion = 10.0.40219.1
Project("{9A19103F-16F7-4668-BE54-9A1E7A4F7556}") = "BookSite2.0", "BookSite2.0.csproj", "{60A5ED85-1752-4AE2-BFD6-B3987540DC08}"
EndProject
Global
	GlobalSection(SolutionConfigurationPlatforms) = preSolution
		Debug|Any CPU = Debug|Any CPU
		Release|Any CPU = Release|Any CPU
	EndGlobalSection
	GlobalSection(ProjectConfigurationPlatforms) = postSolution
		{60A5ED85-1752-4AE2-BFD6-B3987540DC08}.Debug|Any CPU.ActiveCfg = Debug|Any CPU
		{60A5ED85-1752-4AE2-BFD6-B3987540DC08}.Debug|Any CPU.Build.0 = Debug|Any CPU
		{60A5ED85-1752-4AE2-BFD6-B3987540DC08}.Release|Any CPU.ActiveCfg = Release|Any CPU
		{60A5ED85-1752-4AE2-BFD6-B3987540DC08}.Release|Any CPU.Build.0 = Release|Any CPU
	EndGlobalSection
	GlobalSection(SolutionProperties) = preSolution
		HideSolutionNode = FALSE
	EndGlobalSection
	GlobalSection(ExtensibilityGlobals) = postSolution
		SolutionGuid = {D4955EC9-FC33-4975-9099-300E28BC4322}
	EndGlobalSection
EndGlobal
